
Microsoft Visual Studio Solution File, Format Version 12.00
# Visual Studio Version 16
VisualStudioVersion = 16.0.31005.135
MinimumVisualStudioVersion = 10.0.40219.1
Project("{888888A0-9F3D-457C-B088-3A5042F75D52}") = "python_try", "python_try\python_try.pyproj", "{DFCF25AB-DE12-4812-AAA4-BB3524BAD4F8}"
EndProject
Global
	GlobalSection(SolutionConfigurationPlatforms) = preSolution
		Debug|Any CPU = Debug|Any CPU
		Release|Any CPU = Release|Any CPU
	EndGlobalSection
	GlobalSection(ProjectConfigurationPlatforms) = postSolution
		{DFCF25AB-DE12-4812-AAA4-BB3524BAD4F8}.Debug|Any CPU.ActiveCfg = Debug|Any CPU
		{DFCF25AB-DE12-4812-AAA4-BB3524BAD4F8}.Release|Any CPU.ActiveCfg = Release|Any CPU
	EndGlobalSection
	GlobalSection(SolutionProperties) = preSolution
		HideSolutionNode = FALSE
	EndGlobalSection
	GlobalSection(ExtensibilityGlobals) = postSolution
		SolutionGuid = {51F66323-F0AB-4CA9-B76A-D9041C3FFEEA}
	EndGlobalSection
EndGlobal
