
Microsoft Visual Studio Solution File, Format Version 12.00
# Visual Studio Version 16
VisualStudioVersion = 16.0.31005.135
MinimumVisualStudioVersion = 10.0.40219.1
Project("{888888A0-9F3D-457C-B088-3A5042F75D52}") = "my_bag_show", "my_bag_show\my_bag_show.pyproj", "{189177CE-07D0-4D8E-BF7E-064C536CCCA4}"
EndProject
Global
	GlobalSection(SolutionConfigurationPlatforms) = preSolution
		Debug|Any CPU = Debug|Any CPU
		Release|Any CPU = Release|Any CPU
	EndGlobalSection
	GlobalSection(ProjectConfigurationPlatforms) = postSolution
		{189177CE-07D0-4D8E-BF7E-064C536CCCA4}.Debug|Any CPU.ActiveCfg = Debug|Any CPU
		{189177CE-07D0-4D8E-BF7E-064C536CCCA4}.Release|Any CPU.ActiveCfg = Release|Any CPU
	EndGlobalSection
	GlobalSection(SolutionProperties) = preSolution
		HideSolutionNode = FALSE
	EndGlobalSection
	GlobalSection(ExtensibilityGlobals) = postSolution
		SolutionGuid = {3BB471D8-900E-43CC-85E5-2B0D254D2ACE}
	EndGlobalSection
EndGlobal
