
Microsoft Visual Studio Solution File, Format Version 12.00
# Visual Studio Version 16
VisualStudioVersion = 16.0.31005.135
MinimumVisualStudioVersion = 10.0.40219.1
Project("{888888A0-9F3D-457C-B088-3A5042F75D52}") = "mb2", "mb2\mb2.pyproj", "{A40C4EFC-87AC-4218-A2A6-B7E4204501A0}"
EndProject
Global
	GlobalSection(SolutionConfigurationPlatforms) = preSolution
		Debug|Any CPU = Debug|Any CPU
		Release|Any CPU = Release|Any CPU
	EndGlobalSection
	GlobalSection(ProjectConfigurationPlatforms) = postSolution
		{A40C4EFC-87AC-4218-A2A6-B7E4204501A0}.Debug|Any CPU.ActiveCfg = Debug|Any CPU
		{A40C4EFC-87AC-4218-A2A6-B7E4204501A0}.Release|Any CPU.ActiveCfg = Release|Any CPU
	EndGlobalSection
	GlobalSection(SolutionProperties) = preSolution
		HideSolutionNode = FALSE
	EndGlobalSection
	GlobalSection(ExtensibilityGlobals) = postSolution
		SolutionGuid = {8FB34EF7-8361-4E30-BA46-C885CAAE94D9}
	EndGlobalSection
EndGlobal
