
Microsoft Visual Studio Solution File, Format Version 12.00
# Visual Studio Version 16
VisualStudioVersion = 16.0.31005.135
MinimumVisualStudioVersion = 10.0.40219.1
Project("{888888A0-9F3D-457C-B088-3A5042F75D52}") = "my_bag", "my_bag\my_bag.pyproj", "{9ABB9C0D-326A-4420-9960-9488E0BA983B}"
EndProject
Global
	GlobalSection(SolutionConfigurationPlatforms) = preSolution
		Debug|Any CPU = Debug|Any CPU
		Release|Any CPU = Release|Any CPU
	EndGlobalSection
	GlobalSection(ProjectConfigurationPlatforms) = postSolution
		{9ABB9C0D-326A-4420-9960-9488E0BA983B}.Debug|Any CPU.ActiveCfg = Debug|Any CPU
		{9ABB9C0D-326A-4420-9960-9488E0BA983B}.Release|Any CPU.ActiveCfg = Release|Any CPU
	EndGlobalSection
	GlobalSection(SolutionProperties) = preSolution
		HideSolutionNode = FALSE
	EndGlobalSection
	GlobalSection(ExtensibilityGlobals) = postSolution
		SolutionGuid = {04107C95-F566-407A-A660-0032A562C940}
	EndGlobalSection
EndGlobal
